
Microsoft Visual Studio Solution File, Format Version 12.00
# Visual Studio 14
VisualStudioVersion = 14.0.24720.0
MinimumVisualStudioVersion = 10.0.40219.1
Project("{FAE04EC0-301F-11D3-BF4B-00C04F79EFBC}") = "TestApp", "TestApp\TestApp.csproj", "{441D5700-9301-4242-82A9-469DCC91A50B}"
EndProject
Global
	GlobalSection(SolutionConfigurationPlatforms) = preSolution
		Debug|Any CPU = Debug|Any CPU
		Release|Any CPU = Release|Any CPU
	EndGlobalSection
	GlobalSection(ProjectConfigurationPlatforms) = postSolution
		{441D5700-9301-4242-82A9-469DCC91A50B}.Debug|Any CPU.ActiveCfg = Debug|Any CPU
		{441D5700-9301-4242-82A9-469DCC91A50B}.Debug|Any CPU.Build.0 = Debug|Any CPU
		{441D5700-9301-4242-82A9-469DCC91A50B}.Release|Any CPU.ActiveCfg = Release|Any CPU
		{441D5700-9301-4242-82A9-469DCC91A50B}.Release|Any CPU.Build.0 = Release|Any CPU
	EndGlobalSection
	GlobalSection(SolutionProperties) = preSolution
		HideSolutionNode = FALSE
	EndGlobalSection
EndGlobal
